
Microsoft Visual Studio Solution File, Format Version 12.00
# Visual Studio Version 17
VisualStudioVersion = 17.3.32825.248
MinimumVisualStudioVersion = 10.0.40219.1
Project("{FAE04EC0-301F-11D3-BF4B-00C04F79EFBC}") = "RafikProject1", "RafikProject1\RafikProject1.csproj", "{C8562A83-8E7C-4660-9346-CD4D474E734F}"
EndProject
Global
	GlobalSection(SolutionConfigurationPlatforms) = preSolution
		Debug|Any CPU = Debug|Any CPU
		Release|Any CPU = Release|Any CPU
	EndGlobalSection
	GlobalSection(ProjectConfigurationPlatforms) = postSolution
		{C8562A83-8E7C-4660-9346-CD4D474E734F}.Debug|Any CPU.ActiveCfg = Debug|Any CPU
		{C8562A83-8E7C-4660-9346-CD4D474E734F}.Debug|Any CPU.Build.0 = Debug|Any CPU
		{C8562A83-8E7C-4660-9346-CD4D474E734F}.Release|Any CPU.ActiveCfg = Release|Any CPU
		{C8562A83-8E7C-4660-9346-CD4D474E734F}.Release|Any CPU.Build.0 = Release|Any CPU
	EndGlobalSection
	GlobalSection(SolutionProperties) = preSolution
		HideSolutionNode = FALSE
	EndGlobalSection
	GlobalSection(ExtensibilityGlobals) = postSolution
		SolutionGuid = {450985CF-B604-49D9-AFB0-5D96ACDA7229}
	EndGlobalSection
EndGlobal
